[root]
name = "qt_wrapper_generator"
version = "0.1.0"
dependencies = [
 "find_folder 0.3.0 (registry+https://github.com/rust-lang/crates.io-index)",
 "serde 0.6.14 (registry+https://github.com/rust-lang/crates.io-index)",
 "serde_json 0.6.0 (registry+https://github.com/rust-lang/crates.io-index)",
]

[[package]]
name = "find_folder"
version = "0.3.0"
source = "registry+https://github.com/rust-lang/crates.io-index"

[[package]]
name = "libc"
version = "0.2.7"
source = "registry+https://github.com/rust-lang/crates.io-index"

[[package]]
name = "num"
version = "0.1.31"
source = "registry+https://github.com/rust-lang/crates.io-index"
dependencies = [
 "rand 0.3.14 (registry+https://github.com/rust-lang/crates.io-index)",
 "rustc-serialize 0.3.18 (registry+https://github.com/rust-lang/crates.io-index)",
]

[[package]]
name = "rand"
version = "0.3.14"
source = "registry+https://github.com/rust-lang/crates.io-index"
dependencies = [
 "libc 0.2.7 (registry+https://github.com/rust-lang/crates.io-index)",
]

[[package]]
name = "rustc-serialize"
version = "0.3.18"
source = "registry+https://github.com/rust-lang/crates.io-index"

[[package]]
name = "serde"
version = "0.6.14"
source = "registry+https://github.com/rust-lang/crates.io-index"
dependencies = [
 "num 0.1.31 (registry+https://github.com/rust-lang/crates.io-index)",
]

[[package]]
name = "serde_json"
version = "0.6.0"
source = "registry+https://github.com/rust-lang/crates.io-index"
dependencies = [
 "num 0.1.31 (registry+https://github.com/rust-lang/crates.io-index)",
 "serde 0.6.14 (registry+https://github.com/rust-lang/crates.io-index)",
]

